{
  "name": "@fermyon/spin-sdk",
  "version": "2.0.0-rc1",
  "lockfileVersion": 3,
  "requires": true,
  "packages": {
    "": {
      "name": "@fermyon/spin-sdk",
      "version": "2.0.0-rc1",
      "license": "ISC",
      "dependencies": {
        "itty-router": "^3.0.12"
      },
      "devDependencies": {
        "typescript": "^5.4.3"
      }
    },
    "node_modules/itty-router": {
      "version": "3.0.12",
      "resolved": "https://registry.npmjs.org/itty-router/-/itty-router-3.0.12.tgz",
      "integrity": "sha512-s98XTPhle6GGbaFf0kYrOD3Q8gyhnqvOqkwYijC3AmkceNKqWUp13YHg6dWmqmVv4pP7l7c94XI92I0EXVGO0w=="
    },
    "node_modules/typescript": {
      "version": "5.4.5",
      "resolved": "https://registry.npmjs.org/typescript/-/typescript-5.4.5.tgz",
      "integrity": "sha512-vcI4UpRgg81oIRUFwR0WSIHKt11nJ7SAVlYNIu+QpqeyXP+gpQJy/Z4+F0aGxSE4MqwjyXvW/TzgkLAx2AGHwQ==",
      "dev": true,
      "bin": {
        "tsc": "bin/tsc",
        "tsserver": "bin/tsserver"
      },
      "engines": {
        "node": ">=14.17"
      }
    }
  }
}
