# This file is automatically @generated by Cargo.
# It is not intended for manual editing.
version = 4

[[package]]
name = "ahash"
version = "0.8.11"
source = "registry+https://github.com/rust-lang/crates.io-index"
checksum = "e89da841a80418a9b391ebaea17f5c112ffaaa96f621d2c285b5174da76b9011"
dependencies = [
 "cfg-if",
 "once_cell",
 "version_check",
 "zerocopy",
]

[[package]]
name = "anyhow"
version = "1.0.95"
source = "registry+https://github.com/rust-lang/crates.io-index"
checksum = "34ac096ce696dc2fcabef30516bb13c0a68a11d30131d3df6f04711467681b04"

[[package]]
name = "bitflags"
version = "2.8.0"
source = "registry+https://github.com/rust-lang/crates.io-index"
checksum = "8f68f53c83ab957f72c32642f3868eec03eb974d1fb82e453128456482613d36"

[[package]]
name = "cfg-if"
version = "1.0.0"
source = "registry+https://github.com/rust-lang/crates.io-index"
checksum = "baf1de4339761588bc0619e3cbc0120ee582ebb74b53b4efbf79117bd2da40fd"

[[package]]
name = "equivalent"
version = "1.0.1"
source = "registry+https://github.com/rust-lang/crates.io-index"
checksum = "5443807d6dff69373d433ab9ef5378ad8df50ca6298caf15de6e52e24aaf54d5"

[[package]]
name = "hashbrown"
version = "0.14.5"
source = "registry+https://github.com/rust-lang/crates.io-index"
checksum = "e5274423e17b7c9fc20b6e7e208532f9b19825d82dfd615708b70edd83df41f1"
dependencies = [
 "ahash",
]

[[package]]
name = "hashbrown"
version = "0.15.2"
source = "registry+https://github.com/rust-lang/crates.io-index"
checksum = "bf151400ff0baff5465007dd2f3e717f3fe502074ca563069ce3a6629d07b289"

[[package]]
name = "heck"
version = "0.5.0"
source = "registry+https://github.com/rust-lang/crates.io-index"
checksum = "2304e00983f87ffb38b55b444b5e3b60a884b5d30c0fca7d82fe33449bbe55ea"

[[package]]
name = "id-arena"
version = "2.2.1"
source = "registry+https://github.com/rust-lang/crates.io-index"
checksum = "25a2bc672d1148e28034f176e01fffebb08b35768468cc954630da77a1449005"

[[package]]
name = "indexmap"
version = "2.7.1"
source = "registry+https://github.com/rust-lang/crates.io-index"
checksum = "8c9c992b02b5b4c94ea26e32fe5bccb7aa7d9f390ab5c1221ff895bc7ea8b652"
dependencies = [
 "equivalent",
 "hashbrown 0.15.2",
 "serde",
]

[[package]]
name = "itoa"
version = "1.0.14"
source = "registry+https://github.com/rust-lang/crates.io-index"
checksum = "d75a2a4b1b190afb6f5425f10f6a8f959d2ea0b9c2b1d79553551850539e4674"

[[package]]
name = "leb128"
version = "0.2.5"
source = "registry+https://github.com/rust-lang/crates.io-index"
checksum = "884e2677b40cc8c339eaefcb701c32ef1fd2493d71118dc0ca4b6a736c93bd67"

[[package]]
name = "log"
version = "0.4.25"
source = "registry+https://github.com/rust-lang/crates.io-index"
checksum = "04cbf5b083de1c7e0222a7a51dbfdba1cbe1c6ab0b15e29fff3f6c077fd9cd9f"

[[package]]
name = "memchr"
version = "2.7.4"
source = "registry+https://github.com/rust-lang/crates.io-index"
checksum = "78ca9ab1a0babb1e7d5695e3530886289c18cf2f87ec19a575a0abdce112e3a3"

[[package]]
name = "once_cell"
version = "1.20.3"
source = "registry+https://github.com/rust-lang/crates.io-index"
checksum = "945462a4b81e43c4e3ba96bd7b49d834c6f61198356aa858733bc4acf3cbe62e"

[[package]]
name = "prettyplease"
version = "0.2.29"
source = "registry+https://github.com/rust-lang/crates.io-index"
checksum = "6924ced06e1f7dfe3fa48d57b9f74f55d8915f5036121bef647ef4b204895fac"
dependencies = [
 "proc-macro2",
 "syn",
]

[[package]]
name = "proc-macro2"
version = "1.0.93"
source = "registry+https://github.com/rust-lang/crates.io-index"
checksum = "60946a68e5f9d28b0dc1c21bb8a97ee7d018a8b322fa57838ba31cc878e22d99"
dependencies = [
 "unicode-ident",
]

[[package]]
name = "quote"
version = "1.0.38"
source = "registry+https://github.com/rust-lang/crates.io-index"
checksum = "0e4dccaaaf89514f546c693ddc140f729f958c247918a13380cccc6078391acc"
dependencies = [
 "proc-macro2",
]

[[package]]
name = "ryu"
version = "1.0.19"
source = "registry+https://github.com/rust-lang/crates.io-index"
checksum = "6ea1a2d0a644769cc99faa24c3ad26b379b786fe7c36fd3c546254801650e6dd"

[[package]]
name = "semver"
version = "1.0.25"
source = "registry+https://github.com/rust-lang/crates.io-index"
checksum = "f79dfe2d285b0488816f30e700a7438c5a73d816b5b7d3ac72fbc48b0d185e03"

[[package]]
name = "serde"
version = "1.0.217"
source = "registry+https://github.com/rust-lang/crates.io-index"
checksum = "02fc4265df13d6fa1d00ecff087228cc0a2b5f3c0e87e258d8b94a156e984c70"
dependencies = [
 "serde_derive",
]

[[package]]
name = "serde_derive"
version = "1.0.217"
source = "registry+https://github.com/rust-lang/crates.io-index"
checksum = "5a9bf7cf98d04a2b28aead066b7496853d4779c9cc183c440dbac457641e19a0"
dependencies = [
 "proc-macro2",
 "quote",
 "syn",
]

[[package]]
name = "serde_json"
version = "1.0.138"
source = "registry+https://github.com/rust-lang/crates.io-index"
checksum = "d434192e7da787e94a6ea7e9670b26a036d0ca41e0b7efb2676dd32bae872949"
dependencies = [
 "itoa",
 "memchr",
 "ryu",
 "serde",
]

[[package]]
name = "smallvec"
version = "1.13.2"
source = "registry+https://github.com/rust-lang/crates.io-index"
checksum = "3c5e1a9a646d36c3599cd173a41282daf47c44583ad367b8e6837255952e5c67"

[[package]]
name = "spdx"
version = "0.10.8"
source = "registry+https://github.com/rust-lang/crates.io-index"
checksum = "58b69356da67e2fc1f542c71ea7e654a361a79c938e4424392ecf4fa065d2193"
dependencies = [
 "smallvec",
]

[[package]]
name = "syn"
version = "2.0.98"
source = "registry+https://github.com/rust-lang/crates.io-index"
checksum = "36147f1a48ae0ec2b5b3bc5b537d267457555a10dc06f3dbc8cb11ba3006d3b1"
dependencies = [
 "proc-macro2",
 "quote",
 "unicode-ident",
]

[[package]]
name = "unicode-ident"
version = "1.0.16"
source = "registry+https://github.com/rust-lang/crates.io-index"
checksum = "a210d160f08b701c8721ba1c726c11662f877ea6b7094007e1ca9a1041945034"

[[package]]
name = "unicode-xid"
version = "0.2.6"
source = "registry+https://github.com/rust-lang/crates.io-index"
checksum = "ebc1c04c71510c7f702b52b7c350734c9ff1295c464a03335b00bb84fc54f853"

[[package]]
name = "version_check"
version = "0.9.5"
source = "registry+https://github.com/rust-lang/crates.io-index"
checksum = "0b928f33d975fc6ad9f86c8f283853ad26bdd5b10b7f1542aa2fa15e2289105a"

[[package]]
name = "wasm-encoder"
version = "0.212.0"
source = "registry+https://github.com/rust-lang/crates.io-index"
checksum = "501940df4418b8929eb6d52f1aade1fdd15a5b86c92453cb696e3c906bd3fc33"
dependencies = [
 "leb128",
 "wasmparser 0.212.0",
]

[[package]]
name = "wasm-encoder"
version = "0.219.2"
source = "registry+https://github.com/rust-lang/crates.io-index"
checksum = "8aa79bcd666a043b58f5fa62b221b0b914dd901e6f620e8ab7371057a797f3e1"
dependencies = [
 "leb128",
 "wasmparser 0.219.2",
]

[[package]]
name = "wasm-metadata"
version = "0.212.0"
source = "registry+https://github.com/rust-lang/crates.io-index"
checksum = "8a1849fac257fd76c43268555e73d74848c8dff23975c238c2cbad61cffe5045"
dependencies = [
 "anyhow",
 "indexmap",
 "serde",
 "serde_derive",
 "serde_json",
 "spdx",
 "wasm-encoder 0.212.0",
 "wasmparser 0.212.0",
]

[[package]]
name = "wasm-metadata"
version = "0.219.2"
source = "registry+https://github.com/rust-lang/crates.io-index"
checksum = "b1ef51bd442042a2a7b562dddb6016ead52c4abab254c376dcffc83add2c9c34"
dependencies = [
 "anyhow",
 "indexmap",
 "serde",
 "serde_derive",
 "serde_json",
 "spdx",
 "wasm-encoder 0.219.2",
 "wasmparser 0.219.2",
]

[[package]]
name = "wasmparser"
version = "0.212.0"
source = "registry+https://github.com/rust-lang/crates.io-index"
checksum = "8d28bc49ba1e5c5b61ffa7a2eace10820443c4b7d1c0b144109261d14570fdf8"
dependencies = [
 "ahash",
 "bitflags",
 "hashbrown 0.14.5",
 "indexmap",
 "semver",
]

[[package]]
name = "wasmparser"
version = "0.219.2"
source = "registry+https://github.com/rust-lang/crates.io-index"
checksum = "5220ee4c6ffcc0cb9d7c47398052203bc902c8ef3985b0c8134118440c0b2921"
dependencies = [
 "ahash",
 "bitflags",
 "hashbrown 0.14.5",
 "indexmap",
 "semver",
]

[[package]]
name = "wit-bindgen"
version = "0.27.0"
source = "registry+https://github.com/rust-lang/crates.io-index"
checksum = "fabce76bbb8938536c437da0c3e1d4dda9065453f72a68f797c0cb3d67356a28"
dependencies = [
 "wit-bindgen-rt",
 "wit-bindgen-rust-macro",
]

[[package]]
name = "wit-bindgen-core"
version = "0.27.0"
source = "registry+https://github.com/rust-lang/crates.io-index"
checksum = "1b43fbdd3497c471bbfb6973b1fb9ffe6949f158248cb43171d6f1cf3de7eaa3"
dependencies = [
 "anyhow",
 "heck",
 "wit-parser 0.212.0",
]

[[package]]
name = "wit-bindgen-rt"
version = "0.27.0"
source = "registry+https://github.com/rust-lang/crates.io-index"
checksum = "75956ff0a04a87ca0526b07199ce3b9baee899f2e4723b5b63aa296ab172ec52"
dependencies = [
 "bitflags",
]

[[package]]
name = "wit-bindgen-rust"
version = "0.27.0"
source = "registry+https://github.com/rust-lang/crates.io-index"
checksum = "bf509c4ef97b18ec0218741c8318706ac30ff16bc1731f990319a42bbbcfe8e3"
dependencies = [
 "anyhow",
 "heck",
 "indexmap",
 "prettyplease",
 "syn",
 "wasm-metadata 0.212.0",
 "wit-bindgen-core",
 "wit-component 0.212.0",
]

[[package]]
name = "wit-bindgen-rust-macro"
version = "0.27.0"
source = "registry+https://github.com/rust-lang/crates.io-index"
checksum = "88d6f2e025e38395d71fc1bf064e581b2ad275ce322d6f8d87ddc5e76a7b8c42"
dependencies = [
 "anyhow",
 "prettyplease",
 "proc-macro2",
 "quote",
 "syn",
 "wit-bindgen-core",
 "wit-bindgen-rust",
]

[[package]]
name = "wit-component"
version = "0.212.0"
source = "registry+https://github.com/rust-lang/crates.io-index"
checksum = "8ed5b0f9fc3d6424787d2a49e1142bf954ae4f26ee891992c144f0cfd68c4b7f"
dependencies = [
 "anyhow",
 "bitflags",
 "indexmap",
 "log",
 "serde",
 "serde_derive",
 "serde_json",
 "wasm-encoder 0.212.0",
 "wasm-metadata 0.212.0",
 "wasmparser 0.212.0",
 "wit-parser 0.212.0",
]

[[package]]
name = "wit-component"
version = "0.219.2"
source = "registry+https://github.com/rust-lang/crates.io-index"
checksum = "4b8479a29d81c063264c3ab89d496787ef78f8345317a2dcf6dece0f129e5fcd"
dependencies = [
 "anyhow",
 "bitflags",
 "indexmap",
 "log",
 "serde",
 "serde_derive",
 "serde_json",
 "wasm-encoder 0.219.2",
 "wasm-metadata 0.219.2",
 "wasmparser 0.219.2",
 "wit-parser 0.219.2",
]

[[package]]
name = "wit-parser"
version = "0.212.0"
source = "registry+https://github.com/rust-lang/crates.io-index"
checksum = "ceeb0424aa8679f3fcf2d6e3cfa381f3d6fa6179976a2c05a6249dd2bb426716"
dependencies = [
 "anyhow",
 "id-arena",
 "indexmap",
 "log",
 "semver",
 "serde",
 "serde_derive",
 "serde_json",
 "unicode-xid",
 "wasmparser 0.212.0",
]

[[package]]
name = "wit-parser"
version = "0.219.2"
source = "registry+https://github.com/rust-lang/crates.io-index"
checksum = "ca004bb251010fe956f4a5b9d4bf86b4e415064160dd6669569939e8cbf2504f"
dependencies = [
 "anyhow",
 "id-arena",
 "indexmap",
 "log",
 "semver",
 "serde",
 "serde_derive",
 "serde_json",
 "unicode-xid",
 "wasmparser 0.219.2",
]

[[package]]
name = "wit-tools"
version = "0.1.0"
dependencies = [
 "anyhow",
 "id-arena",
 "wit-bindgen",
 "wit-bindgen-core",
 "wit-component 0.219.2",
 "wit-parser 0.219.2",
]

[[package]]
name = "zerocopy"
version = "0.7.35"
source = "registry+https://github.com/rust-lang/crates.io-index"
checksum = "1b9b4fd18abc82b8136838da5d50bae7bdea537c574d8dc1a34ed098d6c166f0"
dependencies = [
 "zerocopy-derive",
]

[[package]]
name = "zerocopy-derive"
version = "0.7.35"
source = "registry+https://github.com/rust-lang/crates.io-index"
checksum = "fa4f8080344d4671fb4e831a13ad1e68092748387dfc4f55e356242fae12ce3e"
dependencies = [
 "proc-macro2",
 "quote",
 "syn",
]
